
Microsoft Visual Studio Solution File, Format Version 12.00
# Visual Studio Version 17
VisualStudioVersion = 17.2.32519.379
MinimumVisualStudioVersion = 10.0.40219.1
Project("{FAE04EC0-301F-11D3-BF4B-00C04F79EFBC}") = "PeliculasApi", "PeliculasApi.csproj", "{E34F8201-8AD0-4B87-8975-2CA102268DB0}"
EndProject
Global
	GlobalSection(SolutionConfigurationPlatforms) = preSolution
		Debug|Any CPU = Debug|Any CPU
		Release|Any CPU = Release|Any CPU
	EndGlobalSection
	GlobalSection(ProjectConfigurationPlatforms) = postSolution
		{E34F8201-8AD0-4B87-8975-2CA102268DB0}.Debug|Any CPU.ActiveCfg = Debug|Any CPU
		{E34F8201-8AD0-4B87-8975-2CA102268DB0}.Debug|Any CPU.Build.0 = Debug|Any CPU
		{E34F8201-8AD0-4B87-8975-2CA102268DB0}.Release|Any CPU.ActiveCfg = Release|Any CPU
		{E34F8201-8AD0-4B87-8975-2CA102268DB0}.Release|Any CPU.Build.0 = Release|Any CPU
	EndGlobalSection
	GlobalSection(SolutionProperties) = preSolution
		HideSolutionNode = FALSE
	EndGlobalSection
	GlobalSection(ExtensibilityGlobals) = postSolution
		SolutionGuid = {D20088B0-09AF-4AE9-8E74-4A2311A4F9DD}
	EndGlobalSection
EndGlobal
